// !$*UTF8*$!
{
	archiveVersion = 1;
	classes = {
	};
	objectVersion = 46;
	objects = {

/* Begin PBXBuildFile section */
		27D987761C3E42CB00A7F053 /* main.m in Sources */ = {isa = PBXBuildFile; fileRef = 27D987751C3E42CB00A7F053 /* main.m */; };
		27D987791C3E42CB00A7F053 /* AppDelegate.m in Sources */ = {isa = PBXBuildFile; fileRef = 27D987781C3E42CB00A7F053 /* AppDelegate.m */; };
		27D9877C1C3E42CB00A7F053 /* FirstViewController.m in Sources */ = {isa = PBXBuildFile; fileRef = 27D9877B1C3E42CB00A7F053 /* FirstViewController.m */; };
		27D9877F1C3E42CB00A7F053 /* SecondViewController.m in Sources */ = {isa = PBXBuildFile; fileRef = 27D9877E1C3E42CB00A7F053 /* SecondViewController.m */; };
		27D987821C3E42CB00A7F053 /* Main.storyboard in Resources */ = {isa = PBXBuildFile; fileRef = 27D987801C3E42CB00A7F053 /* Main.storyboard */; };
		27D987841C3E42CB00A7F053 /* Assets.xcassets in Resources */ = {isa = PBXBuildFile; fileRef = 27D987831C3E42CB00A7F053 /* Assets.xcassets */; };
		27D987871C3E42CB00A7F053 /* LaunchScreen.storyboard in Resources */ = {isa = PBXBuildFile; fileRef = 27D987851C3E42CB00A7F053 /* LaunchScreen.storyboard */; };
		27D987921C3E42CB00A7F053 /* demoTests.m in Sources */ = {isa = PBXBuildFile; fileRef = 27D987911C3E42CB00A7F053 /* demoTests.m */; };
		27D9879D1C3E42CB00A7F053 /* demoUITests.m in Sources */ = {isa = PBXBuildFile; fileRef = 27D9879C1C3E42CB00A7F053 /* demoUITests.m */; };
/* End PBXBuildFile section */

/* Begin PBXContainerItemProxy section */
		27D9878E1C3E42CB00A7F053 /* PBXContainerItemProxy */ = {
			isa = PBXContainerItemProxy;
			containerPortal = 27D987691C3E42CB00A7F053 /* Project object */;
			proxyType = 1;
			remoteGlobalIDString = 27D987701C3E42CB00A7F053;
			remoteInfo = demo;
		};
		27D987991C3E42CB00A7F053 /* PBXContainerItemProxy */ = {
			isa = PBXContainerItemProxy;
			containerPortal = 27D987691C3E42CB00A7F053 /* Project object */;
			proxyType = 1;
			remoteGlobalIDString = 27D987701C3E42CB00A7F053;
			remoteInfo = demo;
		};
/* End PBXContainerItemProxy section */

/* Begin PBXFileReference section */
		27D987711C3E42CB00A7F053 /* demo.app */ = {isa = PBXFileReference; explicitFileType = wrapper.application; includeInIndex = 0; path = demo.app; sourceTree = BUILT_PRODUCTS_DIR; };
		27D987751C3E42CB00A7F053 /* main.m */ = {isa = PBXFileReference; lastKnownFileType = sourcecode.c.objc; path = main.m; sourceTree = "<group>"; };
		27D987771C3E42CB00A7F053 /* AppDelegate.h */ = {isa = PBXFileReference; lastKnownFileType = sourcecode.c.h; path = AppDelegate.h; sourceTree = "<group>"; };
		27D987781C3E42CB00A7F053 /* AppDelegate.m */ = {isa = PBXFileReference; lastKnownFileType = sourcecode.c.objc; path = AppDelegate.m; sourceTree = "<group>"; };
		27D9877A1C3E42CB00A7F053 /* FirstViewController.h */ = {isa = PBXFileReference; lastKnownFileType = sourcecode.c.h; path = FirstViewController.h; sourceTree = "<group>"; };
		27D9877B1C3E42CB00A7F053 /* FirstViewController.m */ = {isa = PBXFileReference; lastKnownFileType = sourcecode.c.objc; path = FirstViewController.m; sourceTree = "<group>"; };
		27D9877D1C3E42CB00A7F053 /* SecondViewController.h */ = {isa = PBXFileReference; lastKnownFileType = sourcecode.c.h; path = SecondViewController.h; sourceTree = "<group>"; };
		27D9877E1C3E42CB00A7F053 /* SecondViewController.m */ = {isa = PBXFileReference; lastKnownFileType = sourcecode.c.objc; path = SecondViewController.m; sourceTree = "<group>"; };
		27D987811C3E42CB00A7F053 /* Base */ = {isa = PBXFileReference; lastKnownFileType = file.storyboard; name = Base; path = Base.lproj/Main.storyboard; sourceTree = "<group>"; };
		27D987831C3E42CB00A7F053 /* Assets.xcassets */ = {isa = PBXFileReference; lastKnownFileType = folder.assetcatalog; path = Assets.xcassets; sourceTree = "<group>"; };
		27D987861C3E42CB00A7F053 /* Base */ = {isa = PBXFileReference; lastKnownFileType = file.storyboard; name = Base; path = Base.lproj/LaunchScreen.storyboard; sourceTree = "<group>"; };
		27D987881C3E42CB00A7F053 /* Info.plist */ = {isa = PBXFileReference; lastKnownFileType = text.plist.xml; path = Info.plist; sourceTree = "<group>"; };
		27D9878D1C3E42CB00A7F053 /* demoTests.xctest */ = {isa = PBXFileReference; explicitFileType = wrapper.cfbundle; includeInIndex = 0; path = demoTests.xctest; sourceTree = BUILT_PRODUCTS_DIR; };
		27D987911C3E42CB00A7F053 /* demoTests.m */ = {isa = PBXFileReference; lastKnownFileType = sourcecode.c.objc; path = demoTests.m; sourceTree = "<group>"; };
		27D987931C3E42CB00A7F053 /* Info.plist */ = {isa = PBXFileReference; lastKnownFileType = text.plist.xml; path = Info.plist; sourceTree = "<group>"; };
		27D987981C3E42CB00A7F053 /* demoUITests.xctest */ = {isa = PBXFileReference; explicitFileType = wrapper.cfbundle; includeInIndex = 0; path = demoUITests.xctest; sourceTree = BUILT_PRODUCTS_DIR; };
		27D9879C1C3E42CB00A7F053 /* demoUITests.m */ = {isa = PBXFileReference; lastKnownFileType = sourcecode.c.objc; path = demoUITests.m; sourceTree = "<group>"; };
		27D9879E1C3E42CB00A7F053 /* Info.plist */ = {isa = PBXFileReference; lastKnownFileType = text.plist.xml; path = Info.plist; sourceTree = "<group>"; };
/* End PBXFileReference section */

/* Begin PBXFrameworksBuildPhase section */
		27D9876E1C3E42CB00A7F053 /* Frameworks */ = {
			isa = PBXFrameworksBuildPhase;
			buildActionMask = 2147483647;
			files = (
			);
			runOnlyForDeploymentPostprocessing = 0;
		};
		27D9878A1C3E42CB00A7F053 /* Frameworks */ = {
			isa = PBXFrameworksBuildPhase;
			buildActionMask = 2147483647;
			files = (
			);
			runOnlyForDeploymentPostprocessing = 0;
		};
		27D987951C3E42CB00A7F053 /* Frameworks */ = {
			isa = PBXFrameworksBuildPhase;
			buildActionMask = 2147483647;
			files = (
			);
			runOnlyForDeploymentPostprocessing = 0;
		};
/* End PBXFrameworksBuildPhase section */

/* Begin PBXGroup section */
		27D987681C3E42CB00A7F053 = {
			isa = PBXGroup;
			children = (
				27D987731C3E42CB00A7F053 /* demo */,
				27D987901C3E42CB00A7F053 /* demoTests */,
				27D9879B1C3E42CB00A7F053 /* demoUITests */,
				27D987721C3E42CB00A7F053 /* Products */,
			);
			sourceTree = "<group>";
		};
		27D987721C3E42CB00A7F053 /* Products */ = {
			isa = PBXGroup;
			children = (
				27D987711C3E42CB00A7F053 /* demo.app */,
				27D9878D1C3E42CB00A7F053 /* demoTests.xctest */,
				27D987981C3E42CB00A7F053 /* demoUITests.xctest */,
			);
			name = Products;
			sourceTree = "<group>";
		};
		27D987731C3E42CB00A7F053 /* demo */ = {
			isa = PBXGroup;
			children = (
				27D987771C3E42CB00A7F053 /* AppDelegate.h */,
				27D987781C3E42CB00A7F053 /* AppDelegate.m */,
				27D9877A1C3E42CB00A7F053 /* FirstViewController.h */,
				27D9877B1C3E42CB00A7F053 /* FirstViewController.m */,
				27D9877D1C3E42CB00A7F053 /* SecondViewController.h */,
				27D9877E1C3E42CB00A7F053 /* SecondViewController.m */,
				27D987801C3E42CB00A7F053 /* Main.storyboard */,
				27D987831C3E42CB00A7F053 /* Assets.xcassets */,
				27D987851C3E42CB00A7F053 /* LaunchScreen.storyboard */,
				27D987881C3E42CB00A7F053 /* Info.plist */,
				27D987741C3E42CB00A7F053 /* Supporting Files */,
			);
			path = demo;
			sourceTree = "<group>";
		};
		27D987741C3E42CB00A7F053 /* Supporting Files */ = {
			isa = PBXGroup;
			children = (
				27D987751C3E42CB00A7F053 /* main.m */,
			);
			name = "Supporting Files";
			sourceTree = "<group>";
		};
		27D987901C3E42CB00A7F053 /* demoTests */ = {
			isa = PBXGroup;
			children = (
				27D987911C3E42CB00A7F053 /* demoTests.m */,
				27D987931C3E42CB00A7F053 /* Info.plist */,
			);
			path = demoTests;
			sourceTree = "<group>";
		};
		27D9879B1C3E42CB00A7F053 /* demoUITests */ = {
			isa = PBXGroup;
			children = (
				27D9879C1C3E42CB00A7F053 /* demoUITests.m */,
				27D9879E1C3E42CB00A7F053 /* Info.plist */,
			);
			path = demoUITests;
			sourceTree = "<group>";
		};
/* End PBXGroup section */

/* Begin PBXNativeTarget section */
		27D987701C3E42CB00A7F053 /* demo */ = {
			isa = PBXNativeTarget;
			buildConfigurationList = 27D987A11C3E42CB00A7F053 /* Build configuration list for PBXNativeTarget "demo" */;
			buildPhases = (
				27D9876D1C3E42CB00A7F053 /* Sources */,
				27D9876E1C3E42CB00A7F053 /* Frameworks */,
				27D9876F1C3E42CB00A7F053 /* Resources */,
			);
			buildRules = (
			);
			dependencies = (
			);
			name = demo;
			productName = demo;
			productReference = 27D987711C3E42CB00A7F053 /* demo.app */;
			productType = "com.apple.product-type.application";
		};
		27D9878C1C3E42CB00A7F053 /* demoTests */ = {
			isa = PBXNativeTarget;
			buildConfigurationList = 27D987A41C3E42CB00A7F053 /* Build configuration list for PBXNativeTarget "demoTests" */;
			buildPhases = (
				27D987891C3E42CB00A7F053 /* Sources */,
				27D9878A1C3E42CB00A7F053 /* Frameworks */,
				27D9878B1C3E42CB00A7F053 /* Resources */,
			);
			buildRules = (
			);
			dependencies = (
				27D9878F1C3E42CB00A7F053 /* PBXTargetDependency */,
			);
			name = demoTests;
			productName = demoTests;
			productReference = 27D9878D1C3E42CB00A7F053 /* demoTests.xctest */;
			productType = "com.apple.product-type.bundle.unit-test";
		};
		27D987971C3E42CB00A7F053 /* demoUITests */ = {
			isa = PBXNativeTarget;
			buildConfigurationList = 27D987A71C3E42CB00A7F053 /* Build configuration list for PBXNativeTarget "demoUITests" */;
			buildPhases = (
				27D987941C3E42CB00A7F053 /* Sources */,
				27D987951C3E42CB00A7F053 /* Frameworks */,
				27D987961C3E42CB00A7F053 /* Resources */,
			);
			buildRules = (
			);
			dependencies = (
				27D9879A1C3E42CB00A7F053 /* PBXTargetDependency */,
			);
			name = demoUITests;
			productName = demoUITests;
			productReference = 27D987981C3E42CB00A7F053 /* demoUITests.xctest */;
			productType = "com.apple.product-type.bundle.ui-testing";
		};
/* End PBXNativeTarget section */

/* Begin PBXProject section */
		27D987691C3E42CB00A7F053 /* Project object */ = {
			isa = PBXProject;
			attributes = {
				LastUpgradeCheck = 0700;
				ORGANIZATIONNAME = Noor;
				TargetAttributes = {
					27D987701C3E42CB00A7F053 = {
						CreatedOnToolsVersion = 7.0;
					};
					27D9878C1C3E42CB00A7F053 = {
						CreatedOnToolsVersion = 7.0;
						TestTargetID = 27D987701C3E42CB00A7F053;
					};
					27D987971C3E42CB00A7F053 = {
						CreatedOnToolsVersion = 7.0;
						TestTargetID = 27D987701C3E42CB00A7F053;
					};
				};
			};
			buildConfigurationList = 27D9876C1C3E42CB00A7F053 /* Build configuration list for PBXProject "demo" */;
			compatibilityVersion = "Xcode 3.2";
			developmentRegion = English;
			hasScannedForEncodings = 0;
			knownRegions = (
				en,
				Base,
			);
			mainGroup = 27D987681C3E42CB00A7F053;
			productRefGroup = 27D987721C3E42CB00A7F053 /* Products */;
			projectDirPath = "";
			projectRoot = "";
			targets = (
				27D987701C3E42CB00A7F053 /* demo */,
				27D9878C1C3E42CB00A7F053 /* demoTests */,
				27D987971C3E42CB00A7F053 /* demoUITests */,
			);
		};
/* End PBXProject section */

/* Begin PBXResourcesBuildPhase section */
		27D9876F1C3E42CB00A7F053 /* Resources */ = {
			isa = PBXResourcesBuildPhase;
			buildActionMask = 2147483647;
			files = (
				27D987871C3E42CB00A7F053 /* LaunchScreen.storyboard in Resources */,
				27D987841C3E42CB00A7F053 /* Assets.xcassets in Resources */,
				27D987821C3E42CB00A7F053 /* Main.storyboard in Resources */,
			);
			runOnlyForDeploymentPostprocessing = 0;
		};
		27D9878B1C3E42CB00A7F053 /* Resources */ = {
			isa = PBXResourcesBuildPhase;
			buildActionMask = 2147483647;
			files = (
			);
			runOnlyForDeploymentPostprocessing = 0;
		};
		27D987961C3E42CB00A7F053 /* Resources */ = {
			isa = PBXResourcesBuildPhase;
			buildActionMask = 2147483647;
			files = (
			);
			runOnlyForDeploymentPostprocessing = 0;
		};
/* End PBXResourcesBuildPhase section */

/* Begin PBXSourcesBuildPhase section */
		27D9876D1C3E42CB00A7F053 /* Sources */ = {
			isa = PBXSourcesBuildPhase;
			buildActionMask = 2147483647;
			files = (
				27D9877F1C3E42CB00A7F053 /* SecondViewController.m in Sources */,
				27D987791C3E42CB00A7F053 /* AppDelegate.m in Sources */,
				27D9877C1C3E42CB00A7F053 /* FirstViewController.m in Sources */,
				27D987761C3E42CB00A7F053 /* main.m in Sources */,
			);
			runOnlyForDeploymentPostprocessing = 0;
		};
		27D987891C3E42CB00A7F053 /* Sources */ = {
			isa = PBXSourcesBuildPhase;
			buildActionMask = 2147483647;
			files = (
				27D987921C3E42CB00A7F053 /* demoTests.m in Sources */,
			);
			runOnlyForDeploymentPostprocessing = 0;
		};
		27D987941C3E42CB00A7F053 /* Sources */ = {
			isa = PBXSourcesBuildPhase;
			buildActionMask = 2147483647;
			files = (
				27D9879D1C3E42CB00A7F053 /* demoUITests.m in Sources */,
			);
			runOnlyForDeploymentPostprocessing = 0;
		};
/* End PBXSourcesBuildPhase section */

/* Begin PBXTargetDependency section */
		27D9878F1C3E42CB00A7F053 /* PBXTargetDependency */ = {
			isa = PBXTargetDependency;
			target = 27D987701C3E42CB00A7F053 /* demo */;
			targetProxy = 27D9878E1C3E42CB00A7F053 /* PBXContainerItemProxy */;
		};
		27D9879A1C3E42CB00A7F053 /* PBXTargetDependency */ = {
			isa = PBXTargetDependency;
			target = 27D987701C3E42CB00A7F053 /* demo */;
			targetProxy = 27D987991C3E42CB00A7F053 /* PBXContainerItemProxy */;
		};
/* End PBXTargetDependency section */

/* Begin PBXVariantGroup section */
		27D987801C3E42CB00A7F053 /* Main.storyboard */ = {
			isa = PBXVariantGroup;
			children = (
				27D987811C3E42CB00A7F053 /* Base */,
			);
			name = Main.storyboard;
			sourceTree = "<group>";
		};
		27D987851C3E42CB00A7F053 /* LaunchScreen.storyboard */ = {
			isa = PBXVariantGroup;
			children = (
				27D987861C3E42CB00A7F053 /* Base */,
			);
			name = LaunchScreen.storyboard;
			sourceTree = "<group>";
		};
/* End PBXVariantGroup section */

/* Begin XCBuildConfiguration section */
		27D9879F1C3E42CB00A7F053 /* Debug */ = {
			isa = XCBuildConfiguration;
			buildSettings = {
				ALWAYS_SEARCH_USER_PATHS = NO;
				CLANG_CXX_LANGUAGE_STANDARD = "gnu++0x";
				CLANG_CXX_LIBRARY = "libc++";
				CLANG_ENABLE_MODULES = YES;
				CLANG_ENABLE_OBJC_ARC = YES;
				CLANG_WARN_BOOL_CONVERSION = YES;
				CLANG_WARN_CONSTANT_CONVERSION = YES;
				CLANG_WARN_DIRECT_OBJC_ISA_USAGE = YES_ERROR;
				CLANG_WARN_EMPTY_BODY = YES;
				CLANG_WARN_ENUM_CONVERSION = YES;
				CLANG_WARN_INT_CONVERSION = YES;
				CLANG_WARN_OBJC_ROOT_CLASS = YES_ERROR;
				CLANG_WARN_UNREACHABLE_CODE = YES;
				CLANG_WARN__DUPLICATE_METHOD_MATCH = YES;
				"CODE_SIGN_IDENTITY[sdk=iphoneos*]" = "iPhone Developer";
				COPY_PHASE_STRIP = NO;
				DEBUG_INFORMATION_FORMAT = dwarf;
				ENABLE_STRICT_OBJC_MSGSEND = YES;
				ENABLE_TESTABILITY = YES;
				GCC_C_LANGUAGE_STANDARD = gnu99;
				GCC_DYNAMIC_NO_PIC = NO;
				GCC_NO_COMMON_BLOCKS = YES;
				GCC_OPTIMIZATION_LEVEL = 0;
				GCC_PREPROCESSOR_DEFINITIONS = (
					"DEBUG=1",
					"$(inherited)",
				);
				GCC_WARN_64_TO_32_BIT_CONVERSION = YES;
				GCC_WARN_ABOUT_RETURN_TYPE = YES_ERROR;
				GCC_WARN_UNDECLARED_SELECTOR = YES;
				GCC_WARN_UNINITIALIZED_AUTOS = YES_AGGRESSIVE;
				GCC_WARN_UNUSED_FUNCTION = YES;
				GCC_WARN_UNUSED_VARIABLE = YES;
				IPHONEOS_DEPLOYMENT_TARGET = 9.0;
				MTL_ENABLE_DEBUG_INFO = YES;
				ONLY_ACTIVE_ARCH = YES;
				SDKROOT = iphoneos;
				TARGETED_DEVICE_FAMILY = "1,2";
			};
			name = Debug;
		};
		27D987A01C3E42CB00A7F053 /* Release */ = {
			isa = XCBuildConfiguration;
			buildSettings = {
				ALWAYS_SEARCH_USER_PATHS = NO;
				CLANG_CXX_LANGUAGE_STANDARD = "gnu++0x";
				CLANG_CXX_LIBRARY = "libc++";
				CLANG_ENABLE_MODULES = YES;
				CLANG_ENABLE_OBJC_ARC = YES;
				CLANG_WARN_BOOL_CONVERSION = YES;
				CLANG_WARN_CONSTANT_CONVERSION = YES;
				CLANG_WARN_DIRECT_OBJC_ISA_USAGE = YES_ERROR;
				CLANG_WARN_EMPTY_BODY = YES;
				CLANG_WARN_ENUM_CONVERSION = YES;
				CLANG_WARN_INT_CONVERSION = YES;
				CLANG_WARN_OBJC_ROOT_CLASS = YES_ERROR;
				CLANG_WARN_UNREACHABLE_CODE = YES;
				CLANG_WARN__DUPLICATE_METHOD_MATCH = YES;
				"CODE_SIGN_IDENTITY[sdk=iphoneos*]" = "iPhone Developer";
				COPY_PHASE_STRIP = NO;
				DEBUG_INFORMATION_FORMAT = "dwarf-with-dsym";
				ENABLE_NS_ASSERTIONS = NO;
				ENABLE_STRICT_OBJC_MSGSEND = YES;
				GCC_C_LANGUAGE_STANDARD = gnu99;
				GCC_NO_COMMON_BLOCKS = YES;
				GCC_WARN_64_TO_32_BIT_CONVERSION = YES;
				GCC_WARN_ABOUT_RETURN_TYPE = YES_ERROR;
				GCC_WARN_UNDECLARED_SELECTOR = YES;
				GCC_WARN_UNINITIALIZED_AUTOS = YES_AGGRESSIVE;
				GCC_WARN_UNUSED_FUNCTION = YES;
				GCC_WARN_UNUSED_VARIABLE = YES;
				IPHONEOS_DEPLOYMENT_TARGET = 9.0;
				MTL_ENABLE_DEBUG_INFO = NO;
				SDKROOT = iphoneos;
				TARGETED_DEVICE_FAMILY = "1,2";
				VALIDATE_PRODUCT = YES;
			};
			name = Release;
		};
		27D987A21C3E42CB00A7F053 /* Debug */ = {
			isa = XCBuildConfiguration;
			buildSettings = {
				ASSETCATALOG_COMPILER_APPICON_NAME = AppIcon;
				INFOPLIST_FILE = demo/Info.plist;
				LD_RUNPATH_SEARCH_PATHS = "$(inherited) @executable_path/Frameworks";
				PRODUCT_BUNDLE_IDENTIFIER = noor.demo;
				PRODUCT_NAME = "$(TARGET_NAME)";
			};
			name = Debug;
		};
		27D987A31C3E42CB00A7F053 /* Release */ = {
			isa = XCBuildConfiguration;
			buildSettings = {
				ASSETCATALOG_COMPILER_APPICON_NAME = AppIcon;
				INFOPLIST_FILE = demo/Info.plist;
				LD_RUNPATH_SEARCH_PATHS = "$(inherited) @executable_path/Frameworks";
				PRODUCT_BUNDLE_IDENTIFIER = noor.demo;
				PRODUCT_NAME = "$(TARGET_NAME)";
			};
			name = Release;
		};
		27D987A51C3E42CB00A7F053 /* Debug */ = {
			isa = XCBuildConfiguration;
			buildSettings = {
				BUNDLE_LOADER = "$(TEST_HOST)";
				INFOPLIST_FILE = demoTests/Info.plist;
				LD_RUNPATH_SEARCH_PATHS = "$(inherited) @executable_path/Frameworks @loader_path/Frameworks";
				PRODUCT_BUNDLE_IDENTIFIER = noor.demoTests;
				PRODUCT_NAME = "$(TARGET_NAME)";
				TEST_HOST = "$(BUILT_PRODUCTS_DIR)/demo.app/demo";
			};
			name = Debug;
		};
		27D987A61C3E42CB00A7F053 /* Release */ = {
			isa = XCBuildConfiguration;
			buildSettings = {
				BUNDLE_LOADER = "$(TEST_HOST)";
				INFOPLIST_FILE = demoTests/Info.plist;
				LD_RUNPATH_SEARCH_PATHS = "$(inherited) @executable_path/Frameworks @loader_path/Frameworks";
				PRODUCT_BUNDLE_IDENTIFIER = noor.demoTests;
				PRODUCT_NAME = "$(TARGET_NAME)";
				TEST_HOST = "$(BUILT_PRODUCTS_DIR)/demo.app/demo";
			};
			name = Release;
		};
		27D987A81C3E42CB00A7F053 /* Debug */ = {
			isa = XCBuildConfiguration;
			buildSettings = {
				INFOPLIST_FILE = demoUITests/Info.plist;
				LD_RUNPATH_SEARCH_PATHS = "$(inherited) @executable_path/Frameworks @loader_path/Frameworks";
				PRODUCT_BUNDLE_IDENTIFIER = noor.demoUITests;
				PRODUCT_NAME = "$(TARGET_NAME)";
				TEST_TARGET_NAME = demo;
				USES_XCTRUNNER = YES;
			};
			name = Debug;
		};
		27D987A91C3E42CB00A7F053 /* Release */ = {
			isa = XCBuildConfiguration;
			buildSettings = {
				INFOPLIST_FILE = demoUITests/Info.plist;
				LD_RUNPATH_SEARCH_PATHS = "$(inherited) @executable_path/Frameworks @loader_path/Frameworks";
				PRODUCT_BUNDLE_IDENTIFIER = noor.demoUITests;
				PRODUCT_NAME = "$(TARGET_NAME)";
				TEST_TARGET_NAME = demo;
				USES_XCTRUNNER = YES;
			};
			name = Release;
		};
/* End XCBuildConfiguration section */

/* Begin XCConfigurationList section */
		27D9876C1C3E42CB00A7F053 /* Build configuration list for PBXProject "demo" */ = {
			isa = XCConfigurationList;
			buildConfigurations = (
				27D9879F1C3E42CB00A7F053 /* Debug */,
				27D987A01C3E42CB00A7F053 /* Release */,
			);
			defaultConfigurationIsVisible = 0;
			defaultConfigurationName = Release;
		};
		27D987A11C3E42CB00A7F053 /* Build configuration list for PBXNativeTarget "demo" */ = {
			isa = XCConfigurationList;
			buildConfigurations = (
				27D987A21C3E42CB00A7F053 /* Debug */,
				27D987A31C3E42CB00A7F053 /* Release */,
			);
			defaultConfigurationIsVisible = 0;
		};
		27D987A41C3E42CB00A7F053 /* Build configuration list for PBXNativeTarget "demoTests" */ = {
			isa = XCConfigurationList;
			buildConfigurations = (
				27D987A51C3E42CB00A7F053 /* Debug */,
				27D987A61C3E42CB00A7F053 /* Release */,
			);
			defaultConfigurationIsVisible = 0;
		};
		27D987A71C3E42CB00A7F053 /* Build configuration list for PBXNativeTarget "demoUITests" */ = {
			isa = XCConfigurationList;
			buildConfigurations = (
				27D987A81C3E42CB00A7F053 /* Debug */,
				27D987A91C3E42CB00A7F053 /* Release */,
			);
			defaultConfigurationIsVisible = 0;
		};
/* End XCConfigurationList section */
	};
	rootObject = 27D987691C3E42CB00A7F053 /* Project object */;
}
